// !$*UTF8*$!
{
	archiveVersion = 1;
	classes = {
	};
	objectVersion = 77;
	objects = {

/* Begin PBXBuildFile section */
		9A0124792D7E14C300A0BDC5 /* MIDI_SessionManager.swift in Sources */ = {isa = PBXBuildFile; fileRef = 9A0124782D7E14C300A0BDC5 /* MIDI_SessionManager.swift */; };
		9A168ED42D7E217800BC5279 /* MIDI_Settings.swift in Sources */ = {isa = PBXBuildFile; fileRef = 9A168ED32D7E217800BC5279 /* MIDI_Settings.swift */; };
		9A168ED72D7E2D4E00BC5279 /* ComputeTools.swift in Sources */ = {isa = PBXBuildFile; fileRef = 9A168ED62D7E2D4E00BC5279 /* ComputeTools.swift */; };
		9A2024642DA13F3B00E448A9 /* OberheimScaled.referenceobject in Sources */ = {isa = PBXBuildFile; fileRef = 9A2024622DA13F3B00E448A9 /* OberheimScaled.referenceobject */; };
		9A2024652DA13F3B00E448A9 /* nord.referenceobject in Sources */ = {isa = PBXBuildFile; fileRef = 9A2024612DA13F3B00E448A9 /* nord.referenceobject */; };
		9A2024662DA13F3B00E448A9 /* TR-8S_Scaled.referenceobject in Sources */ = {isa = PBXBuildFile; fileRef = 9A2024632DA13F3B00E448A9 /* TR-8S_Scaled.referenceobject */; };
		9A2024672DA13F3B00E448A9 /* MS-20.referenceobject in Sources */ = {isa = PBXBuildFile; fileRef = 9A2024602DA13F3B00E448A9 /* MS-20.referenceobject */; };
		9A2024682DA13F3B00E448A9 /* Fantom.referenceobject in Sources */ = {isa = PBXBuildFile; fileRef = 9A20245F2DA13F3B00E448A9 /* Fantom.referenceobject */; };
		9A20AE142D7CBC4E00675637 /* FaceHeadsetComponent.swift in Sources */ = {isa = PBXBuildFile; fileRef = 9A20AE132D7CBC4E00675637 /* FaceHeadsetComponent.swift */; };
		9A20AE162D7CBC6100675637 /* FaceHeadsetSystem.swift in Sources */ = {isa = PBXBuildFile; fileRef = 9A20AE152D7CBC6100675637 /* FaceHeadsetSystem.swift */; };
		9A20AE1F2D7CE42E00675637 /* LoopSourceEntityComponent.swift in Sources */ = {isa = PBXBuildFile; fileRef = 9A20AE1E2D7CE42E00675637 /* LoopSourceEntityComponent.swift */; };
		9A2BC52E2D79B5980046F003 /* HomeView.swift in Sources */ = {isa = PBXBuildFile; fileRef = 9A2BC52A2D79B5980046F003 /* HomeView.swift */; };
		9A2BC52F2D79B5980046F003 /* TheSpatialLooper_AVP_AppApp.swift in Sources */ = {isa = PBXBuildFile; fileRef = 9A2BC52C2D79B5980046F003 /* TheSpatialLooper_AVP_AppApp.swift */; };
		9A2BC5312D79B5980046F003 /* Assets.xcassets in Resources */ = {isa = PBXBuildFile; fileRef = 9A2BC5292D79B5980046F003 /* Assets.xcassets */; };
		9A2BC5352D79B8D50046F003 /* AppState.swift in Sources */ = {isa = PBXBuildFile; fileRef = 9A2BC5342D79B8D50046F003 /* AppState.swift */; };
		9A2BC5372D79BAA20046F003 /* PerformanceRealityView.swift in Sources */ = {isa = PBXBuildFile; fileRef = 9A2BC5362D79BAA20046F003 /* PerformanceRealityView.swift */; };
		9A2BC53A2D79BF110046F003 /* HandTrackingManager.swift in Sources */ = {isa = PBXBuildFile; fileRef = 9A2BC5392D79BF110046F003 /* HandTrackingManager.swift */; };
		9A2BC53C2D79BFC40046F003 /* ARKitSessionManager.swift in Sources */ = {isa = PBXBuildFile; fileRef = 9A2BC53B2D79BFC40046F003 /* ARKitSessionManager.swift */; };
		9A37F5F92D90337700FF8D9A /* MIDI_InputManager.swift in Sources */ = {isa = PBXBuildFile; fileRef = 9A37F5F82D90337700FF8D9A /* MIDI_InputManager.swift */; };
		9A37F5FB2D90657B00FF8D9A /* LiveSessionManager.swift in Sources */ = {isa = PBXBuildFile; fileRef = 9A37F5FA2D90657B00FF8D9A /* LiveSessionManager.swift */; };
		9A37F5FE2D90EAE200FF8D9A /* MIDI_InputPackets.swift in Sources */ = {isa = PBXBuildFile; fileRef = 9A37F5FD2D90EAE200FF8D9A /* MIDI_InputPackets.swift */; };
		9A37F6002D90FB4100FF8D9A /* LiveSessionTrack.swift in Sources */ = {isa = PBXBuildFile; fileRef = 9A37F5FF2D90FB4100FF8D9A /* LiveSessionTrack.swift */; };
		9A37F6022D90FB5B00FF8D9A /* LiveSessionClipSlot.swift in Sources */ = {isa = PBXBuildFile; fileRef = 9A37F6012D90FB5B00FF8D9A /* LiveSessionClipSlot.swift */; };
		9A37F6052D90FC5300FF8D9A /* SessionClipView.swift in Sources */ = {isa = PBXBuildFile; fileRef = 9A37F6042D90FC5300FF8D9A /* SessionClipView.swift */; };
		9A3D65462D7E7640002B36E5 /* MIDI_UMP_Packet.swift in Sources */ = {isa = PBXBuildFile; fileRef = 9A3D65452D7E7640002B36E5 /* MIDI_UMP_Packet.swift */; };
		9A5EF6122D79D081001D02C5 /* GlobalConfig.swift in Sources */ = {isa = PBXBuildFile; fileRef = 9A5EF6112D79D081001D02C5 /* GlobalConfig.swift */; };
		9A6DDF482DA1DE1B00ACFFDB /* CollisionEvents+TriggerSystem.swift in Sources */ = {isa = PBXBuildFile; fileRef = 9A6DDF472DA1DE1B00ACFFDB /* CollisionEvents+TriggerSystem.swift */; };
		9A7CD1D22D9B5C9900F9D8A5 /* SessionTrackView.swift in Sources */ = {isa = PBXBuildFile; fileRef = 9A7CD1D12D9B5C9900F9D8A5 /* SessionTrackView.swift */; };
		9AA940B12D7C6EE400A4BFBA /* LoopSourceEntity.swift in Sources */ = {isa = PBXBuildFile; fileRef = 9AA940B02D7C6EE400A4BFBA /* LoopSourceEntity.swift */; };
		9AA940B52D7C6FA100A4BFBA /* LoopRecordingView.swift in Sources */ = {isa = PBXBuildFile; fileRef = 9AA940B42D7C6FA100A4BFBA /* LoopRecordingView.swift */; };
		9AA940B72D7C71B800A4BFBA /* LoopTriggerEntity.swift in Sources */ = {isa = PBXBuildFile; fileRef = 9AA940B62D7C71B800A4BFBA /* LoopTriggerEntity.swift */; };
		9AA940BC2D7C764200A4BFBA /* LoopTriggerEntityComponent.swift in Sources */ = {isa = PBXBuildFile; fileRef = 9AA940BB2D7C764200A4BFBA /* LoopTriggerEntityComponent.swift */; };
		9AE120992D9E04950010C4E6 /* ObjectTrackingManager.swift in Sources */ = {isa = PBXBuildFile; fileRef = 9AE120982D9E04950010C4E6 /* ObjectTrackingManager.swift */; };
		9AE1209B2D9E05410010C4E6 /* ReferenceObjectLoader.swift in Sources */ = {isa = PBXBuildFile; fileRef = 9AE1209A2D9E05410010C4E6 /* ReferenceObjectLoader.swift */; };
/* End PBXBuildFile section */

/* Begin PBXFileReference section */
		9A0124782D7E14C300A0BDC5 /* MIDI_SessionManager.swift */ = {isa = PBXFileReference; lastKnownFileType = sourcecode.swift; path = MIDI_SessionManager.swift; sourceTree = "<group>"; };
		9A168ED32D7E217800BC5279 /* MIDI_Settings.swift */ = {isa = PBXFileReference; lastKnownFileType = sourcecode.swift; path = MIDI_Settings.swift; sourceTree = "<group>"; };
		9A168ED62D7E2D4E00BC5279 /* ComputeTools.swift */ = {isa = PBXFileReference; lastKnownFileType = sourcecode.swift; path = ComputeTools.swift; sourceTree = "<group>"; };
		9A20245F2DA13F3B00E448A9 /* Fantom.referenceobject */ = {isa = PBXFileReference; lastKnownFileType = file.referenceobject; path = Fantom.referenceobject; sourceTree = "<group>"; };
		9A2024602DA13F3B00E448A9 /* MS-20.referenceobject */ = {isa = PBXFileReference; lastKnownFileType = file.referenceobject; path = "MS-20.referenceobject"; sourceTree = "<group>"; };
		9A2024612DA13F3B00E448A9 /* nord.referenceobject */ = {isa = PBXFileReference; lastKnownFileType = file.referenceobject; path = nord.referenceobject; sourceTree = "<group>"; };
		9A2024622DA13F3B00E448A9 /* OberheimScaled.referenceobject */ = {isa = PBXFileReference; lastKnownFileType = file.referenceobject; path = OberheimScaled.referenceobject; sourceTree = "<group>"; };
		9A2024632DA13F3B00E448A9 /* TR-8S_Scaled.referenceobject */ = {isa = PBXFileReference; lastKnownFileType = file.referenceobject; path = "TR-8S_Scaled.referenceobject"; sourceTree = "<group>"; };
		9A20AE132D7CBC4E00675637 /* FaceHeadsetComponent.swift */ = {isa = PBXFileReference; lastKnownFileType = sourcecode.swift; path = FaceHeadsetComponent.swift; sourceTree = "<group>"; };
		9A20AE152D7CBC6100675637 /* FaceHeadsetSystem.swift */ = {isa = PBXFileReference; lastKnownFileType = sourcecode.swift; path = FaceHeadsetSystem.swift; sourceTree = "<group>"; };
		9A20AE1E2D7CE42E00675637 /* LoopSourceEntityComponent.swift */ = {isa = PBXFileReference; lastKnownFileType = sourcecode.swift; path = LoopSourceEntityComponent.swift; sourceTree = "<group>"; };
		9A2BC5292D79B5980046F003 /* Assets.xcassets */ = {isa = PBXFileReference; lastKnownFileType = folder.assetcatalog; path = Assets.xcassets; sourceTree = "<group>"; };
		9A2BC52A2D79B5980046F003 /* HomeView.swift */ = {isa = PBXFileReference; lastKnownFileType = sourcecode.swift; path = HomeView.swift; sourceTree = "<group>"; };
		9A2BC52B2D79B5980046F003 /* Info.plist */ = {isa = PBXFileReference; lastKnownFileType = text.plist.xml; path = Info.plist; sourceTree = "<group>"; };
		9A2BC52C2D79B5980046F003 /* TheSpatialLooper_AVP_AppApp.swift */ = {isa = PBXFileReference; lastKnownFileType = sourcecode.swift; path = TheSpatialLooper_AVP_AppApp.swift; sourceTree = "<group>"; };
		9A2BC5342D79B8D50046F003 /* AppState.swift */ = {isa = PBXFileReference; lastKnownFileType = sourcecode.swift; path = AppState.swift; sourceTree = "<group>"; };
		9A2BC5362D79BAA20046F003 /* PerformanceRealityView.swift */ = {isa = PBXFileReference; lastKnownFileType = sourcecode.swift; path = PerformanceRealityView.swift; sourceTree = "<group>"; };
		9A2BC5392D79BF110046F003 /* HandTrackingManager.swift */ = {isa = PBXFileReference; lastKnownFileType = sourcecode.swift; path = HandTrackingManager.swift; sourceTree = "<group>"; };
		9A2BC53B2D79BFC40046F003 /* ARKitSessionManager.swift */ = {isa = PBXFileReference; lastKnownFileType = sourcecode.swift; path = ARKitSessionManager.swift; sourceTree = "<group>"; };
		9A37F5F82D90337700FF8D9A /* MIDI_InputManager.swift */ = {isa = PBXFileReference; lastKnownFileType = sourcecode.swift; path = MIDI_InputManager.swift; sourceTree = "<group>"; };
		9A37F5FA2D90657B00FF8D9A /* LiveSessionManager.swift */ = {isa = PBXFileReference; lastKnownFileType = sourcecode.swift; path = LiveSessionManager.swift; sourceTree = "<group>"; };
		9A37F5FD2D90EAE200FF8D9A /* MIDI_InputPackets.swift */ = {isa = PBXFileReference; lastKnownFileType = sourcecode.swift; path = MIDI_InputPackets.swift; sourceTree = "<group>"; };
		9A37F5FF2D90FB4100FF8D9A /* LiveSessionTrack.swift */ = {isa = PBXFileReference; lastKnownFileType = sourcecode.swift; path = LiveSessionTrack.swift; sourceTree = "<group>"; };
		9A37F6012D90FB5B00FF8D9A /* LiveSessionClipSlot.swift */ = {isa = PBXFileReference; lastKnownFileType = sourcecode.swift; path = LiveSessionClipSlot.swift; sourceTree = "<group>"; };
		9A37F6042D90FC5300FF8D9A /* SessionClipView.swift */ = {isa = PBXFileReference; lastKnownFileType = sourcecode.swift; path = SessionClipView.swift; sourceTree = "<group>"; };
		9A3D65452D7E7640002B36E5 /* MIDI_UMP_Packet.swift */ = {isa = PBXFileReference; lastKnownFileType = sourcecode.swift; path = MIDI_UMP_Packet.swift; sourceTree = "<group>"; };
		9A5EF6112D79D081001D02C5 /* GlobalConfig.swift */ = {isa = PBXFileReference; lastKnownFileType = sourcecode.swift; path = GlobalConfig.swift; sourceTree = "<group>"; };
		9A6DDF472DA1DE1B00ACFFDB /* CollisionEvents+TriggerSystem.swift */ = {isa = PBXFileReference; lastKnownFileType = sourcecode.swift; path = "CollisionEvents+TriggerSystem.swift"; sourceTree = "<group>"; };
		9A77801C2D777A0A008883D5 /* TheSpatialLooper_AVP_App.app */ = {isa = PBXFileReference; explicitFileType = wrapper.application; includeInIndex = 0; path = TheSpatialLooper_AVP_App.app; sourceTree = BUILT_PRODUCTS_DIR; };
		9A7CD1D12D9B5C9900F9D8A5 /* SessionTrackView.swift */ = {isa = PBXFileReference; lastKnownFileType = sourcecode.swift; path = SessionTrackView.swift; sourceTree = "<group>"; };
		9AA940B02D7C6EE400A4BFBA /* LoopSourceEntity.swift */ = {isa = PBXFileReference; lastKnownFileType = sourcecode.swift; path = LoopSourceEntity.swift; sourceTree = "<group>"; };
		9AA940B42D7C6FA100A4BFBA /* LoopRecordingView.swift */ = {isa = PBXFileReference; lastKnownFileType = sourcecode.swift; path = LoopRecordingView.swift; sourceTree = "<group>"; };
		9AA940B62D7C71B800A4BFBA /* LoopTriggerEntity.swift */ = {isa = PBXFileReference; lastKnownFileType = sourcecode.swift; path = LoopTriggerEntity.swift; sourceTree = "<group>"; };
		9AA940BB2D7C764200A4BFBA /* LoopTriggerEntityComponent.swift */ = {isa = PBXFileReference; lastKnownFileType = sourcecode.swift; path = LoopTriggerEntityComponent.swift; sourceTree = "<group>"; };
		9AE120982D9E04950010C4E6 /* ObjectTrackingManager.swift */ = {isa = PBXFileReference; lastKnownFileType = sourcecode.swift; path = ObjectTrackingManager.swift; sourceTree = "<group>"; };
		9AE1209A2D9E05410010C4E6 /* ReferenceObjectLoader.swift */ = {isa = PBXFileReference; lastKnownFileType = sourcecode.swift; path = ReferenceObjectLoader.swift; sourceTree = "<group>"; };
/* End PBXFileReference section */

/* Begin PBXFrameworksBuildPhase section */
		9A7780192D777A0A008883D5 /* Frameworks */ = {
			isa = PBXFrameworksBuildPhase;
			buildActionMask = 2147483647;
			files = (
			);
			runOnlyForDeploymentPostprocessing = 0;
		};
/* End PBXFrameworksBuildPhase section */

/* Begin PBXGroup section */
		9A0124772D7E148A00A0BDC5 /* MIDI_Interface */ = {
			isa = PBXGroup;
			children = (
				9A0124782D7E14C300A0BDC5 /* MIDI_SessionManager.swift */,
				9A3D65452D7E7640002B36E5 /* MIDI_UMP_Packet.swift */,
				9A37F5F82D90337700FF8D9A /* MIDI_InputManager.swift */,
				9A37F5FD2D90EAE200FF8D9A /* MIDI_InputPackets.swift */,
			);
			path = MIDI_Interface;
			sourceTree = "<group>";
		};
		9A168ED52D7E2D3E00BC5279 /* Utilities */ = {
			isa = PBXGroup;
			children = (
				9A168ED62D7E2D4E00BC5279 /* ComputeTools.swift */,
			);
			path = Utilities;
			sourceTree = "<group>";
		};
		9A20AE1B2D7CE35300675637 /* AbletonSessionControl */ = {
			isa = PBXGroup;
			children = (
				9A37F5FA2D90657B00FF8D9A /* LiveSessionManager.swift */,
				9A37F5FF2D90FB4100FF8D9A /* LiveSessionTrack.swift */,
				9A37F6012D90FB5B00FF8D9A /* LiveSessionClipSlot.swift */,
			);
			path = AbletonSessionControl;
			sourceTree = "<group>";
		};
		9A2BC52D2D79B5980046F003 /* TheSpatialLooper_AVP_App */ = {
			isa = PBXGroup;
			children = (
				9A2BC5292D79B5980046F003 /* Assets.xcassets */,
				9A2BC52B2D79B5980046F003 /* Info.plist */,
				9A2BC52C2D79B5980046F003 /* TheSpatialLooper_AVP_AppApp.swift */,
				9A5EF6112D79D081001D02C5 /* GlobalConfig.swift */,
				9A2BC5342D79B8D50046F003 /* AppState.swift */,
				9A2BC5332D79B59D0046F003 /* Views */,
				9A2BC5382D79BEAC0046F003 /* ARManagement */,
				9AA940B82D7C760E00A4BFBA /* ECS */,
				9AA940AF2D7C6DE200A4BFBA /* LooperControl */,
				9A20AE1B2D7CE35300675637 /* AbletonSessionControl */,
				9A0124772D7E148A00A0BDC5 /* MIDI_Interface */,
				9A168ED52D7E2D3E00BC5279 /* Utilities */,
				9AE1208D2D9DF20B0010C4E6 /* ObjectTrackingReferences */,
			);
			path = TheSpatialLooper_AVP_App;
			sourceTree = "<group>";
		};
		9A2BC5332D79B59D0046F003 /* Views */ = {
			isa = PBXGroup;
			children = (
				9AA940B22D7C6F8100A4BFBA /* WindowContent */,
				9AA940B32D7C6F8A00A4BFBA /* RVAttachments */,
				9A2BC5362D79BAA20046F003 /* PerformanceRealityView.swift */,
			);
			path = Views;
			sourceTree = "<group>";
		};
		9A2BC5382D79BEAC0046F003 /* ARManagement */ = {
			isa = PBXGroup;
			children = (
				9A2BC53B2D79BFC40046F003 /* ARKitSessionManager.swift */,
				9A2BC5392D79BF110046F003 /* HandTrackingManager.swift */,
				9AE120982D9E04950010C4E6 /* ObjectTrackingManager.swift */,
			);
			path = ARManagement;
			sourceTree = "<group>";
		};
		9A37F6032D90FBFD00FF8D9A /* SpatialSessionView */ = {
			isa = PBXGroup;
			children = (
				9A37F6042D90FC5300FF8D9A /* SessionClipView.swift */,
				9A7CD1D12D9B5C9900F9D8A5 /* SessionTrackView.swift */,
			);
			path = SpatialSessionView;
			sourceTree = "<group>";
		};
		9A7780132D777A0A008883D5 = {
			isa = PBXGroup;
			children = (
				9A2BC52D2D79B5980046F003 /* TheSpatialLooper_AVP_App */,
				9A77801D2D777A0A008883D5 /* Products */,
			);
			sourceTree = "<group>";
		};
		9A77801D2D777A0A008883D5 /* Products */ = {
			isa = PBXGroup;
			children = (
				9A77801C2D777A0A008883D5 /* TheSpatialLooper_AVP_App.app */,
			);
			name = Products;
			sourceTree = "<group>";
		};
		9AA940AF2D7C6DE200A4BFBA /* LooperControl */ = {
			isa = PBXGroup;
			children = (
				9AA940B02D7C6EE400A4BFBA /* LoopSourceEntity.swift */,
				9AA940B62D7C71B800A4BFBA /* LoopTriggerEntity.swift */,
				9A6DDF472DA1DE1B00ACFFDB /* CollisionEvents+TriggerSystem.swift */,
			);
			path = LooperControl;
			sourceTree = "<group>";
		};
		9AA940B22D7C6F8100A4BFBA /* WindowContent */ = {
			isa = PBXGroup;
			children = (
				9A2BC52A2D79B5980046F003 /* HomeView.swift */,
				9A168ED32D7E217800BC5279 /* MIDI_Settings.swift */,
			);
			path = WindowContent;
			sourceTree = "<group>";
		};
		9AA940B32D7C6F8A00A4BFBA /* RVAttachments */ = {
			isa = PBXGroup;
			children = (
				9A37F6032D90FBFD00FF8D9A /* SpatialSessionView */,
				9AA940B42D7C6FA100A4BFBA /* LoopRecordingView.swift */,
			);
			path = RVAttachments;
			sourceTree = "<group>";
		};
		9AA940B82D7C760E00A4BFBA /* ECS */ = {
			isa = PBXGroup;
			children = (
				9AA940B92D7C761300A4BFBA /* Components */,
				9AA940BA2D7C761900A4BFBA /* Systems */,
			);
			path = ECS;
			sourceTree = "<group>";
		};
		9AA940B92D7C761300A4BFBA /* Components */ = {
			isa = PBXGroup;
			children = (
				9AA940BB2D7C764200A4BFBA /* LoopTriggerEntityComponent.swift */,
				9A20AE1E2D7CE42E00675637 /* LoopSourceEntityComponent.swift */,
				9A20AE132D7CBC4E00675637 /* FaceHeadsetComponent.swift */,
			);
			path = Components;
			sourceTree = "<group>";
		};
		9AA940BA2D7C761900A4BFBA /* Systems */ = {
			isa = PBXGroup;
			children = (
				9A20AE152D7CBC6100675637 /* FaceHeadsetSystem.swift */,
			);
			path = Systems;
			sourceTree = "<group>";
		};
		9AE1208D2D9DF20B0010C4E6 /* ObjectTrackingReferences */ = {
			isa = PBXGroup;
			children = (
				9AE1209A2D9E05410010C4E6 /* ReferenceObjectLoader.swift */,
				9A20245F2DA13F3B00E448A9 /* Fantom.referenceobject */,
				9A2024602DA13F3B00E448A9 /* MS-20.referenceobject */,
				9A2024612DA13F3B00E448A9 /* nord.referenceobject */,
				9A2024622DA13F3B00E448A9 /* OberheimScaled.referenceobject */,
				9A2024632DA13F3B00E448A9 /* TR-8S_Scaled.referenceobject */,
			);
			path = ObjectTrackingReferences;
			sourceTree = "<group>";
		};
/* End PBXGroup section */

/* Begin PBXNativeTarget section */
		9A77801B2D777A0A008883D5 /* TheSpatialLooper_AVP_App */ = {
			isa = PBXNativeTarget;
			buildConfigurationList = 9A77802E2D777A0B008883D5 /* Build configuration list for PBXNativeTarget "TheSpatialLooper_AVP_App" */;
			buildPhases = (
				9A7780182D777A0A008883D5 /* Sources */,
				9A7780192D777A0A008883D5 /* Frameworks */,
				9A77801A2D777A0A008883D5 /* Resources */,
			);
			buildRules = (
			);
			dependencies = (
			);
			name = TheSpatialLooper_AVP_App;
			packageProductDependencies = (
			);
			productName = TheSpatialLooper_AVP_App;
			productReference = 9A77801C2D777A0A008883D5 /* TheSpatialLooper_AVP_App.app */;
			productType = "com.apple.product-type.application";
		};
/* End PBXNativeTarget section */

/* Begin PBXProject section */
		9A7780142D777A0A008883D5 /* Project object */ = {
			isa = PBXProject;
			attributes = {
				BuildIndependentTargetsInParallel = 1;
				LastSwiftUpdateCheck = 1620;
				LastUpgradeCheck = 1620;
				TargetAttributes = {
					9A77801B2D777A0A008883D5 = {
						CreatedOnToolsVersion = 16.2;
					};
				};
			};
			buildConfigurationList = 9A7780172D777A0A008883D5 /* Build configuration list for PBXProject "TheSpatialLooper_AVP_App" */;
			developmentRegion = en;
			hasScannedForEncodings = 0;
			knownRegions = (
				en,
				Base,
			);
			mainGroup = 9A7780132D777A0A008883D5;
			minimizedProjectReferenceProxies = 1;
			preferredProjectObjectVersion = 77;
			productRefGroup = 9A77801D2D777A0A008883D5 /* Products */;
			projectDirPath = "";
			projectRoot = "";
			targets = (
				9A77801B2D777A0A008883D5 /* TheSpatialLooper_AVP_App */,
			);
		};
/* End PBXProject section */

/* Begin PBXResourcesBuildPhase section */
		9A77801A2D777A0A008883D5 /* Resources */ = {
			isa = PBXResourcesBuildPhase;
			buildActionMask = 2147483647;
			files = (
				9A2BC5312D79B5980046F003 /* Assets.xcassets in Resources */,
			);
			runOnlyForDeploymentPostprocessing = 0;
		};
/* End PBXResourcesBuildPhase section */

/* Begin PBXSourcesBuildPhase section */
		9A7780182D777A0A008883D5 /* Sources */ = {
			isa = PBXSourcesBuildPhase;
			buildActionMask = 2147483647;
			files = (
				9A37F6002D90FB4100FF8D9A /* LiveSessionTrack.swift in Sources */,
				9A2BC5352D79B8D50046F003 /* AppState.swift in Sources */,
				9A3D65462D7E7640002B36E5 /* MIDI_UMP_Packet.swift in Sources */,
				9AE1209B2D9E05410010C4E6 /* ReferenceObjectLoader.swift in Sources */,
				9A20AE1F2D7CE42E00675637 /* LoopSourceEntityComponent.swift in Sources */,
				9A37F6052D90FC5300FF8D9A /* SessionClipView.swift in Sources */,
				9AA940B52D7C6FA100A4BFBA /* LoopRecordingView.swift in Sources */,
				9AA940B12D7C6EE400A4BFBA /* LoopSourceEntity.swift in Sources */,
				9A2BC52E2D79B5980046F003 /* HomeView.swift in Sources */,
				9A0124792D7E14C300A0BDC5 /* MIDI_SessionManager.swift in Sources */,
				9A2BC5372D79BAA20046F003 /* PerformanceRealityView.swift in Sources */,
				9A7CD1D22D9B5C9900F9D8A5 /* SessionTrackView.swift in Sources */,
				9A20AE142D7CBC4E00675637 /* FaceHeadsetComponent.swift in Sources */,
				9AA940B72D7C71B800A4BFBA /* LoopTriggerEntity.swift in Sources */,
				9A37F5FB2D90657B00FF8D9A /* LiveSessionManager.swift in Sources */,
				9A5EF6122D79D081001D02C5 /* GlobalConfig.swift in Sources */,
				9A37F5FE2D90EAE200FF8D9A /* MIDI_InputPackets.swift in Sources */,
				9A37F5F92D90337700FF8D9A /* MIDI_InputManager.swift in Sources */,
				9A20AE162D7CBC6100675637 /* FaceHeadsetSystem.swift in Sources */,
				9AE120992D9E04950010C4E6 /* ObjectTrackingManager.swift in Sources */,
				9A2024642DA13F3B00E448A9 /* OberheimScaled.referenceobject in Sources */,
				9A2024652DA13F3B00E448A9 /* nord.referenceobject in Sources */,
				9A2024662DA13F3B00E448A9 /* TR-8S_Scaled.referenceobject in Sources */,
				9A2024672DA13F3B00E448A9 /* MS-20.referenceobject in Sources */,
				9A2024682DA13F3B00E448A9 /* Fantom.referenceobject in Sources */,
				9A168ED72D7E2D4E00BC5279 /* ComputeTools.swift in Sources */,
				9AA940BC2D7C764200A4BFBA /* LoopTriggerEntityComponent.swift in Sources */,
				9A2BC53A2D79BF110046F003 /* HandTrackingManager.swift in Sources */,
				9A37F6022D90FB5B00FF8D9A /* LiveSessionClipSlot.swift in Sources */,
				9A168ED42D7E217800BC5279 /* MIDI_Settings.swift in Sources */,
				9A2BC53C2D79BFC40046F003 /* ARKitSessionManager.swift in Sources */,
				9A6DDF482DA1DE1B00ACFFDB /* CollisionEvents+TriggerSystem.swift in Sources */,
				9A2BC52F2D79B5980046F003 /* TheSpatialLooper_AVP_AppApp.swift in Sources */,
			);
			runOnlyForDeploymentPostprocessing = 0;
		};
/* End PBXSourcesBuildPhase section */

/* Begin XCBuildConfiguration section */
		9A77802F2D777A0B008883D5 /* Debug */ = {
			isa = XCBuildConfiguration;
			buildSettings = {
				ASSETCATALOG_COMPILER_APPICON_NAME = AppIcon;
				ASSETCATALOG_COMPILER_GLOBAL_ACCENT_COLOR_NAME = AccentColor;
				CODE_SIGN_STYLE = Automatic;
				CURRENT_PROJECT_VERSION = 1;
				DEVELOPMENT_ASSET_PATHS = "";
				DEVELOPMENT_TEAM = 842XTN5D7H;
				ENABLE_PREVIEWS = YES;
				GENERATE_INFOPLIST_FILE = YES;
				INFOPLIST_FILE = "$(TARGET_NAME)/Info.plist";
				LD_RUNPATH_SEARCH_PATHS = (
					"$(inherited)",
					"@executable_path/Frameworks",
				);
				MARKETING_VERSION = 1.0;
				PRODUCT_BUNDLE_IDENTIFIER = "sefl.TheSpatialLooper-AVP-App";
				PRODUCT_NAME = "$(TARGET_NAME)";
				REFERENCEOBJECT_STRIP_USDZ = YES;
				SUPPORTED_PLATFORMS = "xros xrsimulator";
				SWIFT_EMIT_LOC_STRINGS = YES;
				SWIFT_VERSION = 5.0;
				TARGETED_DEVICE_FAMILY = 7;
			};
			name = Debug;
		};
		9A7780302D777A0B008883D5 /* Release */ = {
			isa = XCBuildConfiguration;
			buildSettings = {
				ASSETCATALOG_COMPILER_APPICON_NAME = AppIcon;
				ASSETCATALOG_COMPILER_GLOBAL_ACCENT_COLOR_NAME = AccentColor;
				CODE_SIGN_STYLE = Automatic;
				CURRENT_PROJECT_VERSION = 1;
				DEVELOPMENT_ASSET_PATHS = "";
				DEVELOPMENT_TEAM = 842XTN5D7H;
				ENABLE_PREVIEWS = YES;
				GENERATE_INFOPLIST_FILE = YES;
				INFOPLIST_FILE = "$(TARGET_NAME)/Info.plist";
				LD_RUNPATH_SEARCH_PATHS = (
					"$(inherited)",
					"@executable_path/Frameworks",
				);
				MARKETING_VERSION = 1.0;
				PRODUCT_BUNDLE_IDENTIFIER = "sefl.TheSpatialLooper-AVP-App";
				PRODUCT_NAME = "$(TARGET_NAME)";
				REFERENCEOBJECT_STRIP_USDZ = YES;
				SUPPORTED_PLATFORMS = "xros xrsimulator";
				SWIFT_EMIT_LOC_STRINGS = YES;
				SWIFT_VERSION = 5.0;
				TARGETED_DEVICE_FAMILY = 7;
			};
			name = Release;
		};
		9A7780312D777A0B008883D5 /* Debug */ = {
			isa = XCBuildConfiguration;
			buildSettings = {
				ALWAYS_SEARCH_USER_PATHS = NO;
				ASSETCATALOG_COMPILER_GENERATE_SWIFT_ASSET_SYMBOL_EXTENSIONS = YES;
				CLANG_ANALYZER_NONNULL = YES;
				CLANG_ANALYZER_NUMBER_OBJECT_CONVERSION = YES_AGGRESSIVE;
				CLANG_CXX_LANGUAGE_STANDARD = "gnu++20";
				CLANG_ENABLE_MODULES = YES;
				CLANG_ENABLE_OBJC_ARC = YES;
				CLANG_ENABLE_OBJC_WEAK = YES;
				CLANG_WARN_BLOCK_CAPTURE_AUTORELEASING = YES;
				CLANG_WARN_BOOL_CONVERSION = YES;
				CLANG_WARN_COMMA = YES;
				CLANG_WARN_CONSTANT_CONVERSION = YES;
				CLANG_WARN_DEPRECATED_OBJC_IMPLEMENTATIONS = YES;
				CLANG_WARN_DIRECT_OBJC_ISA_USAGE = YES_ERROR;
				CLANG_WARN_DOCUMENTATION_COMMENTS = YES;
				CLANG_WARN_EMPTY_BODY = YES;
				CLANG_WARN_ENUM_CONVERSION = YES;
				CLANG_WARN_INFINITE_RECURSION = YES;
				CLANG_WARN_INT_CONVERSION = YES;
				CLANG_WARN_NON_LITERAL_NULL_CONVERSION = YES;
				CLANG_WARN_OBJC_IMPLICIT_RETAIN_SELF = YES;
				CLANG_WARN_OBJC_LITERAL_CONVERSION = YES;
				CLANG_WARN_OBJC_ROOT_CLASS = YES_ERROR;
				CLANG_WARN_QUOTED_INCLUDE_IN_FRAMEWORK_HEADER = YES;
				CLANG_WARN_RANGE_LOOP_ANALYSIS = YES;
				CLANG_WARN_STRICT_PROTOTYPES = YES;
				CLANG_WARN_SUSPICIOUS_MOVE = YES;
				CLANG_WARN_UNGUARDED_AVAILABILITY = YES_AGGRESSIVE;
				CLANG_WARN_UNREACHABLE_CODE = YES;
				CLANG_WARN__DUPLICATE_METHOD_MATCH = YES;
				COPY_PHASE_STRIP = NO;
				DEBUG_INFORMATION_FORMAT = dwarf;
				ENABLE_STRICT_OBJC_MSGSEND = YES;
				ENABLE_TESTABILITY = YES;
				ENABLE_USER_SCRIPT_SANDBOXING = YES;
				GCC_C_LANGUAGE_STANDARD = gnu17;
				GCC_DYNAMIC_NO_PIC = NO;
				GCC_NO_COMMON_BLOCKS = YES;
				GCC_OPTIMIZATION_LEVEL = 0;
				GCC_PREPROCESSOR_DEFINITIONS = (
					"DEBUG=1",
					"$(inherited)",
				);
				GCC_WARN_64_TO_32_BIT_CONVERSION = YES;
				GCC_WARN_ABOUT_RETURN_TYPE = YES_ERROR;
				GCC_WARN_UNDECLARED_SELECTOR = YES;
				GCC_WARN_UNINITIALIZED_AUTOS = YES_AGGRESSIVE;
				GCC_WARN_UNUSED_FUNCTION = YES;
				GCC_WARN_UNUSED_VARIABLE = YES;
				LOCALIZATION_PREFERS_STRING_CATALOGS = YES;
				MTL_ENABLE_DEBUG_INFO = INCLUDE_SOURCE;
				MTL_FAST_MATH = YES;
				ONLY_ACTIVE_ARCH = YES;
				SDKROOT = xros;
				SWIFT_ACTIVE_COMPILATION_CONDITIONS = "DEBUG $(inherited)";
				SWIFT_OPTIMIZATION_LEVEL = "-Onone";
				XROS_DEPLOYMENT_TARGET = 2.2;
			};
			name = Debug;
		};
		9A7780322D777A0B008883D5 /* Release */ = {
			isa = XCBuildConfiguration;
			buildSettings = {
				ALWAYS_SEARCH_USER_PATHS = NO;
				ASSETCATALOG_COMPILER_GENERATE_SWIFT_ASSET_SYMBOL_EXTENSIONS = YES;
				CLANG_ANALYZER_NONNULL = YES;
				CLANG_ANALYZER_NUMBER_OBJECT_CONVERSION = YES_AGGRESSIVE;
				CLANG_CXX_LANGUAGE_STANDARD = "gnu++20";
				CLANG_ENABLE_MODULES = YES;
				CLANG_ENABLE_OBJC_ARC = YES;
				CLANG_ENABLE_OBJC_WEAK = YES;
				CLANG_WARN_BLOCK_CAPTURE_AUTORELEASING = YES;
				CLANG_WARN_BOOL_CONVERSION = YES;
				CLANG_WARN_COMMA = YES;
				CLANG_WARN_CONSTANT_CONVERSION = YES;
				CLANG_WARN_DEPRECATED_OBJC_IMPLEMENTATIONS = YES;
				CLANG_WARN_DIRECT_OBJC_ISA_USAGE = YES_ERROR;
				CLANG_WARN_DOCUMENTATION_COMMENTS = YES;
				CLANG_WARN_EMPTY_BODY = YES;
				CLANG_WARN_ENUM_CONVERSION = YES;
				CLANG_WARN_INFINITE_RECURSION = YES;
				CLANG_WARN_INT_CONVERSION = YES;
				CLANG_WARN_NON_LITERAL_NULL_CONVERSION = YES;
				CLANG_WARN_OBJC_IMPLICIT_RETAIN_SELF = YES;
				CLANG_WARN_OBJC_LITERAL_CONVERSION = YES;
				CLANG_WARN_OBJC_ROOT_CLASS = YES_ERROR;
				CLANG_WARN_QUOTED_INCLUDE_IN_FRAMEWORK_HEADER = YES;
				CLANG_WARN_RANGE_LOOP_ANALYSIS = YES;
				CLANG_WARN_STRICT_PROTOTYPES = YES;
				CLANG_WARN_SUSPICIOUS_MOVE = YES;
				CLANG_WARN_UNGUARDED_AVAILABILITY = YES_AGGRESSIVE;
				CLANG_WARN_UNREACHABLE_CODE = YES;
				CLANG_WARN__DUPLICATE_METHOD_MATCH = YES;
				COPY_PHASE_STRIP = NO;
				DEBUG_INFORMATION_FORMAT = "dwarf-with-dsym";
				ENABLE_NS_ASSERTIONS = NO;
				ENABLE_STRICT_OBJC_MSGSEND = YES;
				ENABLE_USER_SCRIPT_SANDBOXING = YES;
				GCC_C_LANGUAGE_STANDARD = gnu17;
				GCC_NO_COMMON_BLOCKS = YES;
				GCC_WARN_64_TO_32_BIT_CONVERSION = YES;
				GCC_WARN_ABOUT_RETURN_TYPE = YES_ERROR;
				GCC_WARN_UNDECLARED_SELECTOR = YES;
				GCC_WARN_UNINITIALIZED_AUTOS = YES_AGGRESSIVE;
				GCC_WARN_UNUSED_FUNCTION = YES;
				GCC_WARN_UNUSED_VARIABLE = YES;
				LOCALIZATION_PREFERS_STRING_CATALOGS = YES;
				MTL_ENABLE_DEBUG_INFO = NO;
				MTL_FAST_MATH = YES;
				SDKROOT = xros;
				SWIFT_COMPILATION_MODE = wholemodule;
				VALIDATE_PRODUCT = YES;
				XROS_DEPLOYMENT_TARGET = 2.2;
			};
			name = Release;
		};
/* End XCBuildConfiguration section */

/* Begin XCConfigurationList section */
		9A7780172D777A0A008883D5 /* Build configuration list for PBXProject "TheSpatialLooper_AVP_App" */ = {
			isa = XCConfigurationList;
			buildConfigurations = (
				9A7780312D777A0B008883D5 /* Debug */,
				9A7780322D777A0B008883D5 /* Release */,
			);
			defaultConfigurationIsVisible = 0;
			defaultConfigurationName = Release;
		};
		9A77802E2D777A0B008883D5 /* Build configuration list for PBXNativeTarget "TheSpatialLooper_AVP_App" */ = {
			isa = XCConfigurationList;
			buildConfigurations = (
				9A77802F2D777A0B008883D5 /* Debug */,
				9A7780302D777A0B008883D5 /* Release */,
			);
			defaultConfigurationIsVisible = 0;
			defaultConfigurationName = Release;
		};
/* End XCConfigurationList section */
	};
	rootObject = 9A7780142D777A0A008883D5 /* Project object */;
}
